
Microsoft Visual Studio Solution File, Format Version 12.00
# Visual Studio Version 17
VisualStudioVersion = 17.8.34330.188
MinimumVisualStudioVersion = 10.0.40219.1
Project("{FAE04EC0-301F-11D3-BF4B-00C04F79EFBC}") = "BrickwellStore", "BrickwellStore.csproj", "{3D050336-ABA1-4C79-99BB-B4ED1D493948}"
EndProject
Global
	GlobalSection(SolutionConfigurationPlatforms) = preSolution
		Debug|Any CPU = Debug|Any CPU
		Release|Any CPU = Release|Any CPU
	EndGlobalSection
	GlobalSection(ProjectConfigurationPlatforms) = postSolution
		{3D050336-ABA1-4C79-99BB-B4ED1D493948}.Debug|Any CPU.ActiveCfg = Debug|Any CPU
		{3D050336-ABA1-4C79-99BB-B4ED1D493948}.Debug|Any CPU.Build.0 = Debug|Any CPU
		{3D050336-ABA1-4C79-99BB-B4ED1D493948}.Release|Any CPU.ActiveCfg = Release|Any CPU
		{3D050336-ABA1-4C79-99BB-B4ED1D493948}.Release|Any CPU.Build.0 = Release|Any CPU
	EndGlobalSection
	GlobalSection(SolutionProperties) = preSolution
		HideSolutionNode = FALSE
	EndGlobalSection
	GlobalSection(ExtensibilityGlobals) = postSolution
		SolutionGuid = {22B208BD-4311-4329-A484-32EF279C0D9B}
	EndGlobalSection
EndGlobal
